github.com/halushko/kino-cat-core-go v0.0.0-20241014165750-3e9a38ec7901 h1:Pudb+p2p91mRIsvqHtQ3M2NBp2K8a+44sLA/1gl3vow=
github.com/halushko/kino-cat-core-go v0.0.0-20241014165750-3e9a38ec7901/go.mod h1:5nB9PMvPVXZBzd/bYtVNebhcL7W2VwU3Z6BI92reHuU=
github.com/halushko/kino-cat-core-go v0.0.0-20241015073540-5a728db115cb h1:6dFwhjRR0B3h10hlwXlx8hbD4ganzP5oJontRSsE3eI=
github.com/halushko/kino-cat-core-go v0.0.0-20241015073540-5a728db115cb/go.mod h1:5nB9PMvPVXZBzd/bYtVNebhcL7W2VwU3Z6BI92reHuU=
github.com/halushko/kino-cat-core-go v0.0.0-20241015092604-8a8b8742b0fe h1:VEiBLqLxRmgQ0GQHkR1EF6f3IbspQ3HkskJ4Dn8yR1s=
github.com/halushko/kino-cat-core-go v0.0.0-20241015092604-8a8b8742b0fe/go.mod h1:5nB9PMvPVXZBzd/bYtVNebhcL7W2VwU3Z6BI92reHuU=
github.com/halushko/kino-cat-core-go v0.0.0-20241015102127-94090ce804d3 h1:co7XL+jTQtZ5rdDJqPhA2yNoql4+bS80K0s+oqL6Cwo=
github.com/halushko/kino-cat-core-go v0.0.0-20241015102127-94090ce804d3/go.mod h1:5nB9PMvPVXZBzd/bYtVNebhcL7W2VwU3Z6BI92reHuU=
github.com/halushko/kino-cat-core-go v0.0.0-20241015102957-096e5635e0b1 h1:rxtJQ3rDcblNDHA8uc9O1jaT13Mil1Q1RoOhiQ683k8=
github.com/halushko/kino-cat-core-go v0.0.0-20241015102957-096e5635e0b1/go.mod h1:5nB9PMvPVXZBzd/bYtVNebhcL7W2VwU3Z6BI92reHuU=
github.com/halushko/kino-cat-core-go v0.0.0-20241022200643-a3598ab4c343 h1:Tob9TgoWQY6iCwuZ6o/JPIlizcmcJjFt6LWKCWMhTyE=
github.com/halushko/kino-cat-core-go v0.0.0-20241022200643-a3598ab4c343/go.mod h1:5nB9PMvPVXZBzd/bYtVNebhcL7W2VwU3Z6BI92reHuU=
github.com/hashicorp/go-cleanhttp v0.5.2 h1:035FKYIWjmULyFRBKPs8TBQoi0x6d9G4xc9neXJWAZQ=
github.com/hashicorp/go-cleanhttp v0.5.2/go.mod h1:kO/YDlP8L1346E6Sodw+PrpBSV4/SoxCXGY6BqNFT48=
github.com/hekmon/cunits/v2 v2.1.0 h1:k6wIjc4PlacNOHwKEMBgWV2/c8jyD4eRMs5mR1BBhI0=
github.com/hekmon/cunits/v2 v2.1.0/go.mod h1:9r1TycXYXaTmEWlAIfFV8JT+Xo59U96yUJAYHxzii2M=
github.com/hekmon/transmissionrpc/v2 v2.0.1 h1:WkILCEdbNy3n/N/w7mi449waMPdH2AA1THyw7TfnN/w=
github.com/hekmon/transmissionrpc/v2 v2.0.1/go.mod h1:+s96Pkg7dIP3h2PT3fzhXPvNb3OdLryh5J8PIvQg3aA=
github.com/klauspost/compress v1.17.2 h1:RlWWUY/Dr4fL8qk9YG7DTZ7PDgME2V4csBXA8L/ixi4=
github.com/klauspost/compress v1.17.2/go.mod h1:ntbaceVETuRiXiv4DpjP66DpAtAGkEQskQzEyD//IeE=
github.com/nats-io/nats.go v1.37.0 h1:07rauXbVnnJvv1gfIyghFEo6lUcYRY0WXc3x7x0vUxE=
github.com/nats-io/nats.go v1.37.0/go.mod h1:Ubdu4Nh9exXdSz0RVWRFBbRfrbSxOYd26oF0wkWclB8=
github.com/nats-io/nkeys v0.4.7 h1:RwNJbbIdYCoClSDNY7QVKZlyb/wfT6ugvFCiKy6vDvI=
github.com/nats-io/nkeys v0.4.7/go.mod h1:kqXRgRDPlGy7nGaEDMuYzmiJCIAAWDK0IMBtDmGD0nc=
github.com/nats-io/nuid v1.0.1 h1:5iA8DT8V7q8WK2EScv2padNa/rTESc1KdnPw4TC2paw=
github.com/nats-io/nuid v1.0.1/go.mod h1:19wcPz3Ph3q0Jbyiqsd0kePYG7A95tJPxeL+1OSON2c=
golang.org/x/crypto v0.18.0 h1:PGVlW0xEltQnzFZ55hkuX5+KLyrMYhHld1YHO4AKcdc=
golang.org/x/crypto v0.18.0/go.mod h1:R0j02AL6hcrfOiy9T4ZYp/rcWeMxM3L6QYxlOuEG1mg=
golang.org/x/sys v0.16.0 h1:xWw16ngr6ZMtmxDyKyIgsE93KNKz5HKmMa3b8ALHidU=
golang.org/x/sys v0.16.0/go.mod h1:/VUhepiaJMQUp4+oa/7Zr1D23ma6VTLIYjOOTFZPUcA=
